{
  "name": "terraform-aws-slack-notifier",
  "version": "3.2.0",
  "lockfileVersion": 1,
  "requires": true,
  "dependencies": {
    "aws-to-slack": {
      "version": "git+https://github.com/ellevation/aws-to-slack.git#e0f88d23fd246a9764471c080868c1d85391d498",
      "from": "git+https://github.com/ellevation/aws-to-slack.git",
      "requires": {
        "lodash": "^4.17.14"
      }
    },
    "lodash": {
      "version": "4.17.21",
      "resolved": "https://registry.npmjs.org/lodash/-/lodash-4.17.21.tgz",
      "integrity": "sha512-v2kDEe57lecTulaDIuNTPy3Ry4gLGJ6Z1O3vE1krgXZNrsQ+LFTGHVxVjcXPs17LhbZVGedAJv8XZ1tvj5FvSg=="
    }
  }
}
